
Microsoft Visual Studio Solution File, Format Version 12.00
# Visual Studio Version 16
VisualStudioVersion = 16.0.32901.82
MinimumVisualStudioVersion = 10.0.40219.1
Project("{FAE04EC0-301F-11D3-BF4B-00C04F79EFBC}") = "Wpf", "Wpf\Wpf.csproj", "{ABC53E06-0244-42F9-8DA4-486E50593901}"
EndProject
Global
	GlobalSection(SolutionConfigurationPlatforms) = preSolution
		Debug|Any CPU = Debug|Any CPU
		Release|Any CPU = Release|Any CPU
	EndGlobalSection
	GlobalSection(ProjectConfigurationPlatforms) = postSolution
		{ABC53E06-0244-42F9-8DA4-486E50593901}.Debug|Any CPU.ActiveCfg = Debug|Any CPU
		{ABC53E06-0244-42F9-8DA4-486E50593901}.Debug|Any CPU.Build.0 = Debug|Any CPU
		{ABC53E06-0244-42F9-8DA4-486E50593901}.Release|Any CPU.ActiveCfg = Release|Any CPU
		{ABC53E06-0244-42F9-8DA4-486E50593901}.Release|Any CPU.Build.0 = Release|Any CPU
	EndGlobalSection
	GlobalSection(SolutionProperties) = preSolution
		HideSolutionNode = FALSE
	EndGlobalSection
	GlobalSection(ExtensibilityGlobals) = postSolution
		SolutionGuid = {7349BE8E-11F8-4292-9D20-629CD3196FFA}
	EndGlobalSection
EndGlobal
